// !$*UTF8*$!
{
	archiveVersion = 1;
	classes = {
	};
	objectVersion = 55;
	objects = {

/* Begin PBXBuildFile section */
		D19FB88427CC059E0058AA86 /* Constants.swift in Sources */ = {isa = PBXBuildFile; fileRef = D19FB88327CC059E0058AA86 /* Constants.swift */; };
		D1D185F927C298A90062FF04 /* SetGameApp.swift in Sources */ = {isa = PBXBuildFile; fileRef = D1D185F827C298A90062FF04 /* SetGameApp.swift */; };
		D1D185FB27C298A90062FF04 /* ContentView.swift in Sources */ = {isa = PBXBuildFile; fileRef = D1D185FA27C298A90062FF04 /* ContentView.swift */; };
		D1D185FD27C298AB0062FF04 /* Assets.xcassets in Resources */ = {isa = PBXBuildFile; fileRef = D1D185FC27C298AB0062FF04 /* Assets.xcassets */; };
		D1D1860027C298AB0062FF04 /* Preview Assets.xcassets in Resources */ = {isa = PBXBuildFile; fileRef = D1D185FF27C298AB0062FF04 /* Preview Assets.xcassets */; };
		D1D1860827C298DF0062FF04 /* AspectVGrid.swift in Sources */ = {isa = PBXBuildFile; fileRef = D1D1860727C298DF0062FF04 /* AspectVGrid.swift */; };
		D1D1860B27C29CEF0062FF04 /* SetGameViewModel.swift in Sources */ = {isa = PBXBuildFile; fileRef = D1D1860A27C29CEF0062FF04 /* SetGameViewModel.swift */; };
		D1D1860D27C29D3E0062FF04 /* Card.swift in Sources */ = {isa = PBXBuildFile; fileRef = D1D1860C27C29D3E0062FF04 /* Card.swift */; };
		D1D1860F27C29FB00062FF04 /* SetGameModel.swift in Sources */ = {isa = PBXBuildFile; fileRef = D1D1860E27C29FB00062FF04 /* SetGameModel.swift */; };
		D1D1861127C2A2350062FF04 /* CardView.swift in Sources */ = {isa = PBXBuildFile; fileRef = D1D1861027C2A2350062FF04 /* CardView.swift */; };
		D1D1861327C2A8580062FF04 /* Diamond.swift in Sources */ = {isa = PBXBuildFile; fileRef = D1D1861227C2A8580062FF04 /* Diamond.swift */; };
		D1D1861727C2AE240062FF04 /* Squiggle.swift in Sources */ = {isa = PBXBuildFile; fileRef = D1D1861627C2AE240062FF04 /* Squiggle.swift */; };
/* End PBXBuildFile section */

/* Begin PBXFileReference section */
		D19FB88327CC059E0058AA86 /* Constants.swift */ = {isa = PBXFileReference; lastKnownFileType = sourcecode.swift; path = Constants.swift; sourceTree = "<group>"; };
		D1D185F527C298A90062FF04 /* SetGame.app */ = {isa = PBXFileReference; explicitFileType = wrapper.application; includeInIndex = 0; path = SetGame.app; sourceTree = BUILT_PRODUCTS_DIR; };
		D1D185F827C298A90062FF04 /* SetGameApp.swift */ = {isa = PBXFileReference; lastKnownFileType = sourcecode.swift; path = SetGameApp.swift; sourceTree = "<group>"; };
		D1D185FA27C298A90062FF04 /* ContentView.swift */ = {isa = PBXFileReference; lastKnownFileType = sourcecode.swift; path = ContentView.swift; sourceTree = "<group>"; };
		D1D185FC27C298AB0062FF04 /* Assets.xcassets */ = {isa = PBXFileReference; lastKnownFileType = folder.assetcatalog; path = Assets.xcassets; sourceTree = "<group>"; };
		D1D185FF27C298AB0062FF04 /* Preview Assets.xcassets */ = {isa = PBXFileReference; lastKnownFileType = folder.assetcatalog; path = "Preview Assets.xcassets"; sourceTree = "<group>"; };
		D1D1860727C298DF0062FF04 /* AspectVGrid.swift */ = {isa = PBXFileReference; lastKnownFileType = sourcecode.swift; path = AspectVGrid.swift; sourceTree = "<group>"; };
		D1D1860A27C29CEF0062FF04 /* SetGameViewModel.swift */ = {isa = PBXFileReference; lastKnownFileType = sourcecode.swift; path = SetGameViewModel.swift; sourceTree = "<group>"; };
		D1D1860C27C29D3E0062FF04 /* Card.swift */ = {isa = PBXFileReference; lastKnownFileType = sourcecode.swift; path = Card.swift; sourceTree = "<group>"; };
		D1D1860E27C29FB00062FF04 /* SetGameModel.swift */ = {isa = PBXFileReference; lastKnownFileType = sourcecode.swift; path = SetGameModel.swift; sourceTree = "<group>"; };
		D1D1861027C2A2350062FF04 /* CardView.swift */ = {isa = PBXFileReference; lastKnownFileType = sourcecode.swift; path = CardView.swift; sourceTree = "<group>"; };
		D1D1861227C2A8580062FF04 /* Diamond.swift */ = {isa = PBXFileReference; lastKnownFileType = sourcecode.swift; path = Diamond.swift; sourceTree = "<group>"; };
		D1D1861627C2AE240062FF04 /* Squiggle.swift */ = {isa = PBXFileReference; lastKnownFileType = sourcecode.swift; path = Squiggle.swift; sourceTree = "<group>"; };
/* End PBXFileReference section */

/* Begin PBXFrameworksBuildPhase section */
		D1D185F227C298A90062FF04 /* Frameworks */ = {
			isa = PBXFrameworksBuildPhase;
			buildActionMask = 2147483647;
			files = (
			);
			runOnlyForDeploymentPostprocessing = 0;
		};
/* End PBXFrameworksBuildPhase section */

/* Begin PBXGroup section */
		D19FB88127CC05520058AA86 /* Views */ = {
			isa = PBXGroup;
			children = (
				D1D1860627C298CB0062FF04 /* Shape */,
				D1D1861027C2A2350062FF04 /* CardView.swift */,
				D1D185FA27C298A90062FF04 /* ContentView.swift */,
				D1D1860727C298DF0062FF04 /* AspectVGrid.swift */,
			);
			path = Views;
			sourceTree = "<group>";
		};
		D19FB88227CC05930058AA86 /* Constants */ = {
			isa = PBXGroup;
			children = (
				D19FB88327CC059E0058AA86 /* Constants.swift */,
			);
			path = Constants;
			sourceTree = "<group>";
		};
		D1D185EC27C298A90062FF04 = {
			isa = PBXGroup;
			children = (
				D1D185F727C298A90062FF04 /* SetGame */,
				D1D185F627C298A90062FF04 /* Products */,
			);
			sourceTree = "<group>";
		};
		D1D185F627C298A90062FF04 /* Products */ = {
			isa = PBXGroup;
			children = (
				D1D185F527C298A90062FF04 /* SetGame.app */,
			);
			name = Products;
			sourceTree = "<group>";
		};
		D1D185F727C298A90062FF04 /* SetGame */ = {
			isa = PBXGroup;
			children = (
				D19FB88227CC05930058AA86 /* Constants */,
				D19FB88127CC05520058AA86 /* Views */,
				D1D1860927C29CDA0062FF04 /* Models */,
				D1D185F827C298A90062FF04 /* SetGameApp.swift */,
				D1D185FC27C298AB0062FF04 /* Assets.xcassets */,
				D1D185FE27C298AB0062FF04 /* Preview Content */,
			);
			path = SetGame;
			sourceTree = "<group>";
		};
		D1D185FE27C298AB0062FF04 /* Preview Content */ = {
			isa = PBXGroup;
			children = (
				D1D185FF27C298AB0062FF04 /* Preview Assets.xcassets */,
			);
			path = "Preview Content";
			sourceTree = "<group>";
		};
		D1D1860627C298CB0062FF04 /* Shape */ = {
			isa = PBXGroup;
			children = (
				D1D1861227C2A8580062FF04 /* Diamond.swift */,
				D1D1861627C2AE240062FF04 /* Squiggle.swift */,
			);
			path = Shape;
			sourceTree = "<group>";
		};
		D1D1860927C29CDA0062FF04 /* Models */ = {
			isa = PBXGroup;
			children = (
				D1D1860C27C29D3E0062FF04 /* Card.swift */,
				D1D1860A27C29CEF0062FF04 /* SetGameViewModel.swift */,
				D1D1860E27C29FB00062FF04 /* SetGameModel.swift */,
			);
			path = Models;
			sourceTree = "<group>";
		};
/* End PBXGroup section */

/* Begin PBXNativeTarget section */
		D1D185F427C298A90062FF04 /* SetGame */ = {
			isa = PBXNativeTarget;
			buildConfigurationList = D1D1860327C298AB0062FF04 /* Build configuration list for PBXNativeTarget "SetGame" */;
			buildPhases = (
				D1D185F127C298A90062FF04 /* Sources */,
				D1D185F227C298A90062FF04 /* Frameworks */,
				D1D185F327C298A90062FF04 /* Resources */,
			);
			buildRules = (
			);
			dependencies = (
			);
			name = SetGame;
			productName = SetGame;
			productReference = D1D185F527C298A90062FF04 /* SetGame.app */;
			productType = "com.apple.product-type.application";
		};
/* End PBXNativeTarget section */

/* Begin PBXProject section */
		D1D185ED27C298A90062FF04 /* Project object */ = {
			isa = PBXProject;
			attributes = {
				BuildIndependentTargetsInParallel = 1;
				LastSwiftUpdateCheck = 1310;
				LastUpgradeCheck = 1310;
				TargetAttributes = {
					D1D185F427C298A90062FF04 = {
						CreatedOnToolsVersion = 13.1;
					};
				};
			};
			buildConfigurationList = D1D185F027C298A90062FF04 /* Build configuration list for PBXProject "SetGame" */;
			compatibilityVersion = "Xcode 13.0";
			developmentRegion = en;
			hasScannedForEncodings = 0;
			knownRegions = (
				en,
				Base,
			);
			mainGroup = D1D185EC27C298A90062FF04;
			productRefGroup = D1D185F627C298A90062FF04 /* Products */;
			projectDirPath = "";
			projectRoot = "";
			targets = (
				D1D185F427C298A90062FF04 /* SetGame */,
			);
		};
/* End PBXProject section */

/* Begin PBXResourcesBuildPhase section */
		D1D185F327C298A90062FF04 /* Resources */ = {
			isa = PBXResourcesBuildPhase;
			buildActionMask = 2147483647;
			files = (
				D1D1860027C298AB0062FF04 /* Preview Assets.xcassets in Resources */,
				D1D185FD27C298AB0062FF04 /* Assets.xcassets in Resources */,
			);
			runOnlyForDeploymentPostprocessing = 0;
		};
/* End PBXResourcesBuildPhase section */

/* Begin PBXSourcesBuildPhase section */
		D1D185F127C298A90062FF04 /* Sources */ = {
			isa = PBXSourcesBuildPhase;
			buildActionMask = 2147483647;
			files = (
				D1D1861727C2AE240062FF04 /* Squiggle.swift in Sources */,
				D19FB88427CC059E0058AA86 /* Constants.swift in Sources */,
				D1D1861127C2A2350062FF04 /* CardView.swift in Sources */,
				D1D185FB27C298A90062FF04 /* ContentView.swift in Sources */,
				D1D185F927C298A90062FF04 /* SetGameApp.swift in Sources */,
				D1D1860D27C29D3E0062FF04 /* Card.swift in Sources */,
				D1D1861327C2A8580062FF04 /* Diamond.swift in Sources */,
				D1D1860827C298DF0062FF04 /* AspectVGrid.swift in Sources */,
				D1D1860B27C29CEF0062FF04 /* SetGameViewModel.swift in Sources */,
				D1D1860F27C29FB00062FF04 /* SetGameModel.swift in Sources */,
			);
			runOnlyForDeploymentPostprocessing = 0;
		};
/* End PBXSourcesBuildPhase section */

/* Begin XCBuildConfiguration section */
		D1D1860127C298AB0062FF04 /* Debug */ = {
			isa = XCBuildConfiguration;
			buildSettings = {
				ALWAYS_SEARCH_USER_PATHS = NO;
				CLANG_ANALYZER_NONNULL = YES;
				CLANG_ANALYZER_NUMBER_OBJECT_CONVERSION = YES_AGGRESSIVE;
				CLANG_CXX_LANGUAGE_STANDARD = "gnu++17";
				CLANG_CXX_LIBRARY = "libc++";
				CLANG_ENABLE_MODULES = YES;
				CLANG_ENABLE_OBJC_ARC = YES;
				CLANG_ENABLE_OBJC_WEAK = YES;
				CLANG_WARN_BLOCK_CAPTURE_AUTORELEASING = YES;
				CLANG_WARN_BOOL_CONVERSION = YES;
				CLANG_WARN_COMMA = YES;
				CLANG_WARN_CONSTANT_CONVERSION = YES;
				CLANG_WARN_DEPRECATED_OBJC_IMPLEMENTATIONS = YES;
				CLANG_WARN_DIRECT_OBJC_ISA_USAGE = YES_ERROR;
				CLANG_WARN_DOCUMENTATION_COMMENTS = YES;
				CLANG_WARN_EMPTY_BODY = YES;
				CLANG_WARN_ENUM_CONVERSION = YES;
				CLANG_WARN_INFINITE_RECURSION = YES;
				CLANG_WARN_INT_CONVERSION = YES;
				CLANG_WARN_NON_LITERAL_NULL_CONVERSION = YES;
				CLANG_WARN_OBJC_IMPLICIT_RETAIN_SELF = YES;
				CLANG_WARN_OBJC_LITERAL_CONVERSION = YES;
				CLANG_WARN_OBJC_ROOT_CLASS = YES_ERROR;
				CLANG_WARN_QUOTED_INCLUDE_IN_FRAMEWORK_HEADER = YES;
				CLANG_WARN_RANGE_LOOP_ANALYSIS = YES;
				CLANG_WARN_STRICT_PROTOTYPES = YES;
				CLANG_WARN_SUSPICIOUS_MOVE = YES;
				CLANG_WARN_UNGUARDED_AVAILABILITY = YES_AGGRESSIVE;
				CLANG_WARN_UNREACHABLE_CODE = YES;
				CLANG_WARN__DUPLICATE_METHOD_MATCH = YES;
				COPY_PHASE_STRIP = NO;
				DEBUG_INFORMATION_FORMAT = dwarf;
				ENABLE_STRICT_OBJC_MSGSEND = YES;
				ENABLE_TESTABILITY = YES;
				GCC_C_LANGUAGE_STANDARD = gnu11;
				GCC_DYNAMIC_NO_PIC = NO;
				GCC_NO_COMMON_BLOCKS = YES;
				GCC_OPTIMIZATION_LEVEL = 0;
				GCC_PREPROCESSOR_DEFINITIONS = (
					"DEBUG=1",
					"$(inherited)",
				);
				GCC_WARN_64_TO_32_BIT_CONVERSION = YES;
				GCC_WARN_ABOUT_RETURN_TYPE = YES_ERROR;
				GCC_WARN_UNDECLARED_SELECTOR = YES;
				GCC_WARN_UNINITIALIZED_AUTOS = YES_AGGRESSIVE;
				GCC_WARN_UNUSED_FUNCTION = YES;
				GCC_WARN_UNUSED_VARIABLE = YES;
				IPHONEOS_DEPLOYMENT_TARGET = 15.0;
				MTL_ENABLE_DEBUG_INFO = INCLUDE_SOURCE;
				MTL_FAST_MATH = YES;
				ONLY_ACTIVE_ARCH = YES;
				SDKROOT = iphoneos;
				SWIFT_ACTIVE_COMPILATION_CONDITIONS = DEBUG;
				SWIFT_OPTIMIZATION_LEVEL = "-Onone";
			};
			name = Debug;
		};
		D1D1860227C298AB0062FF04 /* Release */ = {
			isa = XCBuildConfiguration;
			buildSettings = {
				ALWAYS_SEARCH_USER_PATHS = NO;
				CLANG_ANALYZER_NONNULL = YES;
				CLANG_ANALYZER_NUMBER_OBJECT_CONVERSION = YES_AGGRESSIVE;
				CLANG_CXX_LANGUAGE_STANDARD = "gnu++17";
				CLANG_CXX_LIBRARY = "libc++";
				CLANG_ENABLE_MODULES = YES;
				CLANG_ENABLE_OBJC_ARC = YES;
				CLANG_ENABLE_OBJC_WEAK = YES;
				CLANG_WARN_BLOCK_CAPTURE_AUTORELEASING = YES;
				CLANG_WARN_BOOL_CONVERSION = YES;
				CLANG_WARN_COMMA = YES;
				CLANG_WARN_CONSTANT_CONVERSION = YES;
				CLANG_WARN_DEPRECATED_OBJC_IMPLEMENTATIONS = YES;
				CLANG_WARN_DIRECT_OBJC_ISA_USAGE = YES_ERROR;
				CLANG_WARN_DOCUMENTATION_COMMENTS = YES;
				CLANG_WARN_EMPTY_BODY = YES;
				CLANG_WARN_ENUM_CONVERSION = YES;
				CLANG_WARN_INFINITE_RECURSION = YES;
				CLANG_WARN_INT_CONVERSION = YES;
				CLANG_WARN_NON_LITERAL_NULL_CONVERSION = YES;
				CLANG_WARN_OBJC_IMPLICIT_RETAIN_SELF = YES;
				CLANG_WARN_OBJC_LITERAL_CONVERSION = YES;
				CLANG_WARN_OBJC_ROOT_CLASS = YES_ERROR;
				CLANG_WARN_QUOTED_INCLUDE_IN_FRAMEWORK_HEADER = YES;
				CLANG_WARN_RANGE_LOOP_ANALYSIS = YES;
				CLANG_WARN_STRICT_PROTOTYPES = YES;
				CLANG_WARN_SUSPICIOUS_MOVE = YES;
				CLANG_WARN_UNGUARDED_AVAILABILITY = YES_AGGRESSIVE;
				CLANG_WARN_UNREACHABLE_CODE = YES;
				CLANG_WARN__DUPLICATE_METHOD_MATCH = YES;
				COPY_PHASE_STRIP = NO;
				DEBUG_INFORMATION_FORMAT = "dwarf-with-dsym";
				ENABLE_NS_ASSERTIONS = NO;
				ENABLE_STRICT_OBJC_MSGSEND = YES;
				GCC_C_LANGUAGE_STANDARD = gnu11;
				GCC_NO_COMMON_BLOCKS = YES;
				GCC_WARN_64_TO_32_BIT_CONVERSION = YES;
				GCC_WARN_ABOUT_RETURN_TYPE = YES_ERROR;
				GCC_WARN_UNDECLARED_SELECTOR = YES;
				GCC_WARN_UNINITIALIZED_AUTOS = YES_AGGRESSIVE;
				GCC_WARN_UNUSED_FUNCTION = YES;
				GCC_WARN_UNUSED_VARIABLE = YES;
				IPHONEOS_DEPLOYMENT_TARGET = 15.0;
				MTL_ENABLE_DEBUG_INFO = NO;
				MTL_FAST_MATH = YES;
				SDKROOT = iphoneos;
				SWIFT_COMPILATION_MODE = wholemodule;
				SWIFT_OPTIMIZATION_LEVEL = "-O";
				VALIDATE_PRODUCT = YES;
			};
			name = Release;
		};
		D1D1860427C298AB0062FF04 /* Debug */ = {
			isa = XCBuildConfiguration;
			buildSettings = {
				ASSETCATALOG_COMPILER_APPICON_NAME = AppIcon;
				ASSETCATALOG_COMPILER_GLOBAL_ACCENT_COLOR_NAME = AccentColor;
				CODE_SIGN_STYLE = Automatic;
				CURRENT_PROJECT_VERSION = 1;
				DEVELOPMENT_ASSET_PATHS = "\"SetGame/Preview Content\"";
				DEVELOPMENT_TEAM = N9G67U68JX;
				ENABLE_PREVIEWS = YES;
				GENERATE_INFOPLIST_FILE = YES;
				INFOPLIST_KEY_UIApplicationSceneManifest_Generation = YES;
				INFOPLIST_KEY_UIApplicationSupportsIndirectInputEvents = YES;
				INFOPLIST_KEY_UILaunchScreen_Generation = YES;
				INFOPLIST_KEY_UISupportedInterfaceOrientations_iPad = "UIInterfaceOrientationPortrait UIInterfaceOrientationPortraitUpsideDown UIInterfaceOrientationLandscapeLeft UIInterfaceOrientationLandscapeRight";
				INFOPLIST_KEY_UISupportedInterfaceOrientations_iPhone = "UIInterfaceOrientationPortrait UIInterfaceOrientationLandscapeLeft UIInterfaceOrientationLandscapeRight";
				LD_RUNPATH_SEARCH_PATHS = (
					"$(inherited)",
					"@executable_path/Frameworks",
				);
				MARKETING_VERSION = 1.0;
				PRODUCT_BUNDLE_IDENTIFIER = com.SetGame;
				PRODUCT_NAME = "$(TARGET_NAME)";
				SWIFT_EMIT_LOC_STRINGS = YES;
				SWIFT_VERSION = 5.0;
				TARGETED_DEVICE_FAMILY = "1,2";
			};
			name = Debug;
		};
		D1D1860527C298AB0062FF04 /* Release */ = {
			isa = XCBuildConfiguration;
			buildSettings = {
				ASSETCATALOG_COMPILER_APPICON_NAME = AppIcon;
				ASSETCATALOG_COMPILER_GLOBAL_ACCENT_COLOR_NAME = AccentColor;
				CODE_SIGN_STYLE = Automatic;
				CURRENT_PROJECT_VERSION = 1;
				DEVELOPMENT_ASSET_PATHS = "\"SetGame/Preview Content\"";
				DEVELOPMENT_TEAM = N9G67U68JX;
				ENABLE_PREVIEWS = YES;
				GENERATE_INFOPLIST_FILE = YES;
				INFOPLIST_KEY_UIApplicationSceneManifest_Generation = YES;
				INFOPLIST_KEY_UIApplicationSupportsIndirectInputEvents = YES;
				INFOPLIST_KEY_UILaunchScreen_Generation = YES;
				INFOPLIST_KEY_UISupportedInterfaceOrientations_iPad = "UIInterfaceOrientationPortrait UIInterfaceOrientationPortraitUpsideDown UIInterfaceOrientationLandscapeLeft UIInterfaceOrientationLandscapeRight";
				INFOPLIST_KEY_UISupportedInterfaceOrientations_iPhone = "UIInterfaceOrientationPortrait UIInterfaceOrientationLandscapeLeft UIInterfaceOrientationLandscapeRight";
				LD_RUNPATH_SEARCH_PATHS = (
					"$(inherited)",
					"@executable_path/Frameworks",
				);
				MARKETING_VERSION = 1.0;
				PRODUCT_BUNDLE_IDENTIFIER = com.SetGame;
				PRODUCT_NAME = "$(TARGET_NAME)";
				SWIFT_EMIT_LOC_STRINGS = YES;
				SWIFT_VERSION = 5.0;
				TARGETED_DEVICE_FAMILY = "1,2";
			};
			name = Release;
		};
/* End XCBuildConfiguration section */

/* Begin XCConfigurationList section */
		D1D185F027C298A90062FF04 /* Build configuration list for PBXProject "SetGame" */ = {
			isa = XCConfigurationList;
			buildConfigurations = (
				D1D1860127C298AB0062FF04 /* Debug */,
				D1D1860227C298AB0062FF04 /* Release */,
			);
			defaultConfigurationIsVisible = 0;
			defaultConfigurationName = Release;
		};
		D1D1860327C298AB0062FF04 /* Build configuration list for PBXNativeTarget "SetGame" */ = {
			isa = XCConfigurationList;
			buildConfigurations = (
				D1D1860427C298AB0062FF04 /* Debug */,
				D1D1860527C298AB0062FF04 /* Release */,
			);
			defaultConfigurationIsVisible = 0;
			defaultConfigurationName = Release;
		};
/* End XCConfigurationList section */
	};
	rootObject = D1D185ED27C298A90062FF04 /* Project object */;
}
