// !$*UTF8*$!
{
	archiveVersion = 1;
	classes = {
	};
	objectVersion = 56;
	objects = {

/* Begin PBXBuildFile section */
		D1ACAD3F29B5EC0000BAC122 /* Assignment_5App.swift in Sources */ = {isa = PBXBuildFile; fileRef = D1ACAD3E29B5EC0000BAC122 /* Assignment_5App.swift */; };
		D1ACAD4129B5EC0000BAC122 /* EmojiArtDocumentView.swift in Sources */ = {isa = PBXBuildFile; fileRef = D1ACAD4029B5EC0000BAC122 /* EmojiArtDocumentView.swift */; };
		D1ACAD4329B5EC0100BAC122 /* Assets.xcassets in Resources */ = {isa = PBXBuildFile; fileRef = D1ACAD4229B5EC0100BAC122 /* Assets.xcassets */; };
		D1ACAD4629B5EC0100BAC122 /* Preview Assets.xcassets in Resources */ = {isa = PBXBuildFile; fileRef = D1ACAD4529B5EC0100BAC122 /* Preview Assets.xcassets */; };
		D1ACAD5029B5EC0100BAC122 /* Assignment_5Tests.swift in Sources */ = {isa = PBXBuildFile; fileRef = D1ACAD4F29B5EC0100BAC122 /* Assignment_5Tests.swift */; };
		D1ACAD5A29B5EC0100BAC122 /* Assignment_5UITests.swift in Sources */ = {isa = PBXBuildFile; fileRef = D1ACAD5929B5EC0100BAC122 /* Assignment_5UITests.swift */; };
		D1ACAD5C29B5EC0100BAC122 /* Assignment_5UITestsLaunchTests.swift in Sources */ = {isa = PBXBuildFile; fileRef = D1ACAD5B29B5EC0100BAC122 /* Assignment_5UITestsLaunchTests.swift */; };
		D1ACAD6929B5ECF700BAC122 /* EmojiArtModel.swift in Sources */ = {isa = PBXBuildFile; fileRef = D1ACAD6829B5ECF700BAC122 /* EmojiArtModel.swift */; };
		D1ACAD6B29B5EE6C00BAC122 /* EmojiArtModel.Background.swift in Sources */ = {isa = PBXBuildFile; fileRef = D1ACAD6A29B5EE6C00BAC122 /* EmojiArtModel.Background.swift */; };
		D1ACAD6D29B5EEE000BAC122 /* EmojiArtDocument.swift in Sources */ = {isa = PBXBuildFile; fileRef = D1ACAD6C29B5EEDF00BAC122 /* EmojiArtDocument.swift */; };
		D1ACAD6F29B5F24900BAC122 /* UtilityExtensions.swift in Sources */ = {isa = PBXBuildFile; fileRef = D1ACAD6E29B5F24900BAC122 /* UtilityExtensions.swift */; };
		D1CFDF1D29BFD52500E64C24 /* ScrollingEmojisView.swift in Sources */ = {isa = PBXBuildFile; fileRef = D1CFDF1C29BFD52500E64C24 /* ScrollingEmojisView.swift */; };
		D1CFDF2229C085C600E64C24 /* EmojiManager.swift in Sources */ = {isa = PBXBuildFile; fileRef = D1CFDF2129C085C600E64C24 /* EmojiManager.swift */; };
		D1CFDF2429C08DF900E64C24 /* PalleteChooser.swift in Sources */ = {isa = PBXBuildFile; fileRef = D1CFDF2329C08DF900E64C24 /* PalleteChooser.swift */; };
		D1CFDF2629C0977F00E64C24 /* PalleteManager.swift in Sources */ = {isa = PBXBuildFile; fileRef = D1CFDF2529C0977F00E64C24 /* PalleteManager.swift */; };
		D1CFDF2829C0984100E64C24 /* PalletEditor.swift in Sources */ = {isa = PBXBuildFile; fileRef = D1CFDF2729C0984100E64C24 /* PalletEditor.swift */; };
		D1CFDF2A29C3BBC600E64C24 /* EmojiArtConstants.swift in Sources */ = {isa = PBXBuildFile; fileRef = D1CFDF2929C3BBC600E64C24 /* EmojiArtConstants.swift */; };
		D1CFDF2C29C3C08700E64C24 /* PalleteChooser+MenuButton.swift in Sources */ = {isa = PBXBuildFile; fileRef = D1CFDF2B29C3C08700E64C24 /* PalleteChooser+MenuButton.swift */; };
		D1CFDF3029C3C45E00E64C24 /* EmojiManager+PalleteNames.swift in Sources */ = {isa = PBXBuildFile; fileRef = D1CFDF2F29C3C45E00E64C24 /* EmojiManager+PalleteNames.swift */; };
/* End PBXBuildFile section */

/* Begin PBXContainerItemProxy section */
		D1ACAD4C29B5EC0100BAC122 /* PBXContainerItemProxy */ = {
			isa = PBXContainerItemProxy;
			containerPortal = D1ACAD3329B5EC0000BAC122 /* Project object */;
			proxyType = 1;
			remoteGlobalIDString = D1ACAD3A29B5EC0000BAC122;
			remoteInfo = "Assignment 5";
		};
		D1ACAD5629B5EC0100BAC122 /* PBXContainerItemProxy */ = {
			isa = PBXContainerItemProxy;
			containerPortal = D1ACAD3329B5EC0000BAC122 /* Project object */;
			proxyType = 1;
			remoteGlobalIDString = D1ACAD3A29B5EC0000BAC122;
			remoteInfo = "Assignment 5";
		};
/* End PBXContainerItemProxy section */

/* Begin PBXFileReference section */
		D1ACAD3B29B5EC0000BAC122 /* Assignment 5.app */ = {isa = PBXFileReference; explicitFileType = wrapper.application; includeInIndex = 0; path = "Assignment 5.app"; sourceTree = BUILT_PRODUCTS_DIR; };
		D1ACAD3E29B5EC0000BAC122 /* Assignment_5App.swift */ = {isa = PBXFileReference; lastKnownFileType = sourcecode.swift; path = Assignment_5App.swift; sourceTree = "<group>"; };
		D1ACAD4029B5EC0000BAC122 /* EmojiArtDocumentView.swift */ = {isa = PBXFileReference; lastKnownFileType = sourcecode.swift; path = EmojiArtDocumentView.swift; sourceTree = "<group>"; };
		D1ACAD4229B5EC0100BAC122 /* Assets.xcassets */ = {isa = PBXFileReference; lastKnownFileType = folder.assetcatalog; path = Assets.xcassets; sourceTree = "<group>"; };
		D1ACAD4529B5EC0100BAC122 /* Preview Assets.xcassets */ = {isa = PBXFileReference; lastKnownFileType = folder.assetcatalog; path = "Preview Assets.xcassets"; sourceTree = "<group>"; };
		D1ACAD4B29B5EC0100BAC122 /* Assignment 5Tests.xctest */ = {isa = PBXFileReference; explicitFileType = wrapper.cfbundle; includeInIndex = 0; path = "Assignment 5Tests.xctest"; sourceTree = BUILT_PRODUCTS_DIR; };
		D1ACAD4F29B5EC0100BAC122 /* Assignment_5Tests.swift */ = {isa = PBXFileReference; lastKnownFileType = sourcecode.swift; path = Assignment_5Tests.swift; sourceTree = "<group>"; };
		D1ACAD5529B5EC0100BAC122 /* Assignment 5UITests.xctest */ = {isa = PBXFileReference; explicitFileType = wrapper.cfbundle; includeInIndex = 0; path = "Assignment 5UITests.xctest"; sourceTree = BUILT_PRODUCTS_DIR; };
		D1ACAD5929B5EC0100BAC122 /* Assignment_5UITests.swift */ = {isa = PBXFileReference; lastKnownFileType = sourcecode.swift; path = Assignment_5UITests.swift; sourceTree = "<group>"; };
		D1ACAD5B29B5EC0100BAC122 /* Assignment_5UITestsLaunchTests.swift */ = {isa = PBXFileReference; lastKnownFileType = sourcecode.swift; path = Assignment_5UITestsLaunchTests.swift; sourceTree = "<group>"; };
		D1ACAD6829B5ECF700BAC122 /* EmojiArtModel.swift */ = {isa = PBXFileReference; lastKnownFileType = sourcecode.swift; path = EmojiArtModel.swift; sourceTree = "<group>"; };
		D1ACAD6A29B5EE6C00BAC122 /* EmojiArtModel.Background.swift */ = {isa = PBXFileReference; lastKnownFileType = sourcecode.swift; path = EmojiArtModel.Background.swift; sourceTree = "<group>"; };
		D1ACAD6C29B5EEDF00BAC122 /* EmojiArtDocument.swift */ = {isa = PBXFileReference; lastKnownFileType = sourcecode.swift; path = EmojiArtDocument.swift; sourceTree = "<group>"; };
		D1ACAD6E29B5F24900BAC122 /* UtilityExtensions.swift */ = {isa = PBXFileReference; lastKnownFileType = sourcecode.swift; path = UtilityExtensions.swift; sourceTree = "<group>"; };
		D1CFDF1C29BFD52500E64C24 /* ScrollingEmojisView.swift */ = {isa = PBXFileReference; lastKnownFileType = sourcecode.swift; path = ScrollingEmojisView.swift; sourceTree = "<group>"; };
		D1CFDF2129C085C600E64C24 /* EmojiManager.swift */ = {isa = PBXFileReference; lastKnownFileType = sourcecode.swift; path = EmojiManager.swift; sourceTree = "<group>"; };
		D1CFDF2329C08DF900E64C24 /* PalleteChooser.swift */ = {isa = PBXFileReference; lastKnownFileType = sourcecode.swift; path = PalleteChooser.swift; sourceTree = "<group>"; };
		D1CFDF2529C0977F00E64C24 /* PalleteManager.swift */ = {isa = PBXFileReference; lastKnownFileType = sourcecode.swift; path = PalleteManager.swift; sourceTree = "<group>"; };
		D1CFDF2729C0984100E64C24 /* PalletEditor.swift */ = {isa = PBXFileReference; lastKnownFileType = sourcecode.swift; path = PalletEditor.swift; sourceTree = "<group>"; };
		D1CFDF2929C3BBC600E64C24 /* EmojiArtConstants.swift */ = {isa = PBXFileReference; lastKnownFileType = sourcecode.swift; path = EmojiArtConstants.swift; sourceTree = "<group>"; };
		D1CFDF2B29C3C08700E64C24 /* PalleteChooser+MenuButton.swift */ = {isa = PBXFileReference; lastKnownFileType = sourcecode.swift; path = "PalleteChooser+MenuButton.swift"; sourceTree = "<group>"; };
		D1CFDF2F29C3C45E00E64C24 /* EmojiManager+PalleteNames.swift */ = {isa = PBXFileReference; lastKnownFileType = sourcecode.swift; path = "EmojiManager+PalleteNames.swift"; sourceTree = "<group>"; };
/* End PBXFileReference section */

/* Begin PBXFrameworksBuildPhase section */
		D1ACAD3829B5EC0000BAC122 /* Frameworks */ = {
			isa = PBXFrameworksBuildPhase;
			buildActionMask = 2147483647;
			files = (
			);
			runOnlyForDeploymentPostprocessing = 0;
		};
		D1ACAD4829B5EC0100BAC122 /* Frameworks */ = {
			isa = PBXFrameworksBuildPhase;
			buildActionMask = 2147483647;
			files = (
			);
			runOnlyForDeploymentPostprocessing = 0;
		};
		D1ACAD5229B5EC0100BAC122 /* Frameworks */ = {
			isa = PBXFrameworksBuildPhase;
			buildActionMask = 2147483647;
			files = (
			);
			runOnlyForDeploymentPostprocessing = 0;
		};
/* End PBXFrameworksBuildPhase section */

/* Begin PBXGroup section */
		D1ACAD3229B5EC0000BAC122 = {
			isa = PBXGroup;
			children = (
				D1CFDF1B29BF3CF000E64C24 /* Views */,
				D1CFDF1329BF3C8100E64C24 /* Models */,
				D1CFDF1A29BF3CE800E64C24 /* ViewModels */,
				D1CFDF1729BF3CB600E64C24 /* Helpers */,
				D1CFDF1429BF3C8A00E64C24 /* Extensions */,
				D1ACAD3D29B5EC0000BAC122 /* Assignment 5 */,
				D1ACAD4E29B5EC0100BAC122 /* Assignment 5Tests */,
				D1ACAD5829B5EC0100BAC122 /* Assignment 5UITests */,
				D1ACAD3C29B5EC0000BAC122 /* Products */,
			);
			sourceTree = "<group>";
		};
		D1ACAD3C29B5EC0000BAC122 /* Products */ = {
			isa = PBXGroup;
			children = (
				D1ACAD3B29B5EC0000BAC122 /* Assignment 5.app */,
				D1ACAD4B29B5EC0100BAC122 /* Assignment 5Tests.xctest */,
				D1ACAD5529B5EC0100BAC122 /* Assignment 5UITests.xctest */,
			);
			name = Products;
			sourceTree = "<group>";
		};
		D1ACAD3D29B5EC0000BAC122 /* Assignment 5 */ = {
			isa = PBXGroup;
			children = (
				D1ACAD3E29B5EC0000BAC122 /* Assignment_5App.swift */,
				D1ACAD4229B5EC0100BAC122 /* Assets.xcassets */,
				D1ACAD4429B5EC0100BAC122 /* Preview Content */,
			);
			path = "Assignment 5";
			sourceTree = "<group>";
		};
		D1ACAD4429B5EC0100BAC122 /* Preview Content */ = {
			isa = PBXGroup;
			children = (
				D1ACAD4529B5EC0100BAC122 /* Preview Assets.xcassets */,
			);
			path = "Preview Content";
			sourceTree = "<group>";
		};
		D1ACAD4E29B5EC0100BAC122 /* Assignment 5Tests */ = {
			isa = PBXGroup;
			children = (
				D1ACAD4F29B5EC0100BAC122 /* Assignment_5Tests.swift */,
			);
			path = "Assignment 5Tests";
			sourceTree = "<group>";
		};
		D1ACAD5829B5EC0100BAC122 /* Assignment 5UITests */ = {
			isa = PBXGroup;
			children = (
				D1ACAD5929B5EC0100BAC122 /* Assignment_5UITests.swift */,
				D1ACAD5B29B5EC0100BAC122 /* Assignment_5UITestsLaunchTests.swift */,
			);
			path = "Assignment 5UITests";
			sourceTree = "<group>";
		};
		D1CFDF1329BF3C8100E64C24 /* Models */ = {
			isa = PBXGroup;
			children = (
				D1ACAD6A29B5EE6C00BAC122 /* EmojiArtModel.Background.swift */,
				D1ACAD6829B5ECF700BAC122 /* EmojiArtModel.swift */,
				D1CFDF2129C085C600E64C24 /* EmojiManager.swift */,
			);
			path = Models;
			sourceTree = "<group>";
		};
		D1CFDF1429BF3C8A00E64C24 /* Extensions */ = {
			isa = PBXGroup;
			children = (
				D1ACAD6E29B5F24900BAC122 /* UtilityExtensions.swift */,
				D1CFDF2B29C3C08700E64C24 /* PalleteChooser+MenuButton.swift */,
				D1CFDF2F29C3C45E00E64C24 /* EmojiManager+PalleteNames.swift */,
			);
			path = Extensions;
			sourceTree = "<group>";
		};
		D1CFDF1729BF3CB600E64C24 /* Helpers */ = {
			isa = PBXGroup;
			children = (
				D1CFDF2929C3BBC600E64C24 /* EmojiArtConstants.swift */,
			);
			path = Helpers;
			sourceTree = "<group>";
		};
		D1CFDF1A29BF3CE800E64C24 /* ViewModels */ = {
			isa = PBXGroup;
			children = (
				D1ACAD6C29B5EEDF00BAC122 /* EmojiArtDocument.swift */,
			);
			path = ViewModels;
			sourceTree = "<group>";
		};
		D1CFDF1B29BF3CF000E64C24 /* Views */ = {
			isa = PBXGroup;
			children = (
				D1ACAD4029B5EC0000BAC122 /* EmojiArtDocumentView.swift */,
				D1CFDF1C29BFD52500E64C24 /* ScrollingEmojisView.swift */,
				D1CFDF2329C08DF900E64C24 /* PalleteChooser.swift */,
				D1CFDF2529C0977F00E64C24 /* PalleteManager.swift */,
				D1CFDF2729C0984100E64C24 /* PalletEditor.swift */,
			);
			path = Views;
			sourceTree = "<group>";
		};
/* End PBXGroup section */

/* Begin PBXNativeTarget section */
		D1ACAD3A29B5EC0000BAC122 /* Assignment 5 */ = {
			isa = PBXNativeTarget;
			buildConfigurationList = D1ACAD5F29B5EC0100BAC122 /* Build configuration list for PBXNativeTarget "Assignment 5" */;
			buildPhases = (
				D1ACAD3729B5EC0000BAC122 /* Sources */,
				D1ACAD3829B5EC0000BAC122 /* Frameworks */,
				D1ACAD3929B5EC0000BAC122 /* Resources */,
			);
			buildRules = (
			);
			dependencies = (
			);
			name = "Assignment 5";
			productName = "Assignment 5";
			productReference = D1ACAD3B29B5EC0000BAC122 /* Assignment 5.app */;
			productType = "com.apple.product-type.application";
		};
		D1ACAD4A29B5EC0100BAC122 /* Assignment 5Tests */ = {
			isa = PBXNativeTarget;
			buildConfigurationList = D1ACAD6229B5EC0100BAC122 /* Build configuration list for PBXNativeTarget "Assignment 5Tests" */;
			buildPhases = (
				D1ACAD4729B5EC0100BAC122 /* Sources */,
				D1ACAD4829B5EC0100BAC122 /* Frameworks */,
				D1ACAD4929B5EC0100BAC122 /* Resources */,
			);
			buildRules = (
			);
			dependencies = (
				D1ACAD4D29B5EC0100BAC122 /* PBXTargetDependency */,
			);
			name = "Assignment 5Tests";
			productName = "Assignment 5Tests";
			productReference = D1ACAD4B29B5EC0100BAC122 /* Assignment 5Tests.xctest */;
			productType = "com.apple.product-type.bundle.unit-test";
		};
		D1ACAD5429B5EC0100BAC122 /* Assignment 5UITests */ = {
			isa = PBXNativeTarget;
			buildConfigurationList = D1ACAD6529B5EC0100BAC122 /* Build configuration list for PBXNativeTarget "Assignment 5UITests" */;
			buildPhases = (
				D1ACAD5129B5EC0100BAC122 /* Sources */,
				D1ACAD5229B5EC0100BAC122 /* Frameworks */,
				D1ACAD5329B5EC0100BAC122 /* Resources */,
			);
			buildRules = (
			);
			dependencies = (
				D1ACAD5729B5EC0100BAC122 /* PBXTargetDependency */,
			);
			name = "Assignment 5UITests";
			productName = "Assignment 5UITests";
			productReference = D1ACAD5529B5EC0100BAC122 /* Assignment 5UITests.xctest */;
			productType = "com.apple.product-type.bundle.ui-testing";
		};
/* End PBXNativeTarget section */

/* Begin PBXProject section */
		D1ACAD3329B5EC0000BAC122 /* Project object */ = {
			isa = PBXProject;
			attributes = {
				BuildIndependentTargetsInParallel = 1;
				LastSwiftUpdateCheck = 1400;
				LastUpgradeCheck = 1400;
				TargetAttributes = {
					D1ACAD3A29B5EC0000BAC122 = {
						CreatedOnToolsVersion = 14.0.1;
					};
					D1ACAD4A29B5EC0100BAC122 = {
						CreatedOnToolsVersion = 14.0.1;
						TestTargetID = D1ACAD3A29B5EC0000BAC122;
					};
					D1ACAD5429B5EC0100BAC122 = {
						CreatedOnToolsVersion = 14.0.1;
						TestTargetID = D1ACAD3A29B5EC0000BAC122;
					};
				};
			};
			buildConfigurationList = D1ACAD3629B5EC0000BAC122 /* Build configuration list for PBXProject "Assignment 5" */;
			compatibilityVersion = "Xcode 14.0";
			developmentRegion = en;
			hasScannedForEncodings = 0;
			knownRegions = (
				en,
				Base,
			);
			mainGroup = D1ACAD3229B5EC0000BAC122;
			productRefGroup = D1ACAD3C29B5EC0000BAC122 /* Products */;
			projectDirPath = "";
			projectRoot = "";
			targets = (
				D1ACAD3A29B5EC0000BAC122 /* Assignment 5 */,
				D1ACAD4A29B5EC0100BAC122 /* Assignment 5Tests */,
				D1ACAD5429B5EC0100BAC122 /* Assignment 5UITests */,
			);
		};
/* End PBXProject section */

/* Begin PBXResourcesBuildPhase section */
		D1ACAD3929B5EC0000BAC122 /* Resources */ = {
			isa = PBXResourcesBuildPhase;
			buildActionMask = 2147483647;
			files = (
				D1ACAD4629B5EC0100BAC122 /* Preview Assets.xcassets in Resources */,
				D1ACAD4329B5EC0100BAC122 /* Assets.xcassets in Resources */,
			);
			runOnlyForDeploymentPostprocessing = 0;
		};
		D1ACAD4929B5EC0100BAC122 /* Resources */ = {
			isa = PBXResourcesBuildPhase;
			buildActionMask = 2147483647;
			files = (
			);
			runOnlyForDeploymentPostprocessing = 0;
		};
		D1ACAD5329B5EC0100BAC122 /* Resources */ = {
			isa = PBXResourcesBuildPhase;
			buildActionMask = 2147483647;
			files = (
			);
			runOnlyForDeploymentPostprocessing = 0;
		};
/* End PBXResourcesBuildPhase section */

/* Begin PBXSourcesBuildPhase section */
		D1ACAD3729B5EC0000BAC122 /* Sources */ = {
			isa = PBXSourcesBuildPhase;
			buildActionMask = 2147483647;
			files = (
				D1ACAD4129B5EC0000BAC122 /* EmojiArtDocumentView.swift in Sources */,
				D1CFDF1D29BFD52500E64C24 /* ScrollingEmojisView.swift in Sources */,
				D1ACAD3F29B5EC0000BAC122 /* Assignment_5App.swift in Sources */,
				D1CFDF2C29C3C08700E64C24 /* PalleteChooser+MenuButton.swift in Sources */,
				D1CFDF2829C0984100E64C24 /* PalletEditor.swift in Sources */,
				D1CFDF3029C3C45E00E64C24 /* EmojiManager+PalleteNames.swift in Sources */,
				D1ACAD6F29B5F24900BAC122 /* UtilityExtensions.swift in Sources */,
				D1CFDF2429C08DF900E64C24 /* PalleteChooser.swift in Sources */,
				D1ACAD6D29B5EEE000BAC122 /* EmojiArtDocument.swift in Sources */,
				D1ACAD6929B5ECF700BAC122 /* EmojiArtModel.swift in Sources */,
				D1CFDF2629C0977F00E64C24 /* PalleteManager.swift in Sources */,
				D1CFDF2A29C3BBC600E64C24 /* EmojiArtConstants.swift in Sources */,
				D1CFDF2229C085C600E64C24 /* EmojiManager.swift in Sources */,
				D1ACAD6B29B5EE6C00BAC122 /* EmojiArtModel.Background.swift in Sources */,
			);
			runOnlyForDeploymentPostprocessing = 0;
		};
		D1ACAD4729B5EC0100BAC122 /* Sources */ = {
			isa = PBXSourcesBuildPhase;
			buildActionMask = 2147483647;
			files = (
				D1ACAD5029B5EC0100BAC122 /* Assignment_5Tests.swift in Sources */,
			);
			runOnlyForDeploymentPostprocessing = 0;
		};
		D1ACAD5129B5EC0100BAC122 /* Sources */ = {
			isa = PBXSourcesBuildPhase;
			buildActionMask = 2147483647;
			files = (
				D1ACAD5A29B5EC0100BAC122 /* Assignment_5UITests.swift in Sources */,
				D1ACAD5C29B5EC0100BAC122 /* Assignment_5UITestsLaunchTests.swift in Sources */,
			);
			runOnlyForDeploymentPostprocessing = 0;
		};
/* End PBXSourcesBuildPhase section */

/* Begin PBXTargetDependency section */
		D1ACAD4D29B5EC0100BAC122 /* PBXTargetDependency */ = {
			isa = PBXTargetDependency;
			target = D1ACAD3A29B5EC0000BAC122 /* Assignment 5 */;
			targetProxy = D1ACAD4C29B5EC0100BAC122 /* PBXContainerItemProxy */;
		};
		D1ACAD5729B5EC0100BAC122 /* PBXTargetDependency */ = {
			isa = PBXTargetDependency;
			target = D1ACAD3A29B5EC0000BAC122 /* Assignment 5 */;
			targetProxy = D1ACAD5629B5EC0100BAC122 /* PBXContainerItemProxy */;
		};
/* End PBXTargetDependency section */

/* Begin XCBuildConfiguration section */
		D1ACAD5D29B5EC0100BAC122 /* Debug */ = {
			isa = XCBuildConfiguration;
			buildSettings = {
				ALWAYS_SEARCH_USER_PATHS = NO;
				CLANG_ANALYZER_NONNULL = YES;
				CLANG_ANALYZER_NUMBER_OBJECT_CONVERSION = YES_AGGRESSIVE;
				CLANG_CXX_LANGUAGE_STANDARD = "gnu++20";
				CLANG_ENABLE_MODULES = YES;
				CLANG_ENABLE_OBJC_ARC = YES;
				CLANG_ENABLE_OBJC_WEAK = YES;
				CLANG_WARN_BLOCK_CAPTURE_AUTORELEASING = YES;
				CLANG_WARN_BOOL_CONVERSION = YES;
				CLANG_WARN_COMMA = YES;
				CLANG_WARN_CONSTANT_CONVERSION = YES;
				CLANG_WARN_DEPRECATED_OBJC_IMPLEMENTATIONS = YES;
				CLANG_WARN_DIRECT_OBJC_ISA_USAGE = YES_ERROR;
				CLANG_WARN_DOCUMENTATION_COMMENTS = YES;
				CLANG_WARN_EMPTY_BODY = YES;
				CLANG_WARN_ENUM_CONVERSION = YES;
				CLANG_WARN_INFINITE_RECURSION = YES;
				CLANG_WARN_INT_CONVERSION = YES;
				CLANG_WARN_NON_LITERAL_NULL_CONVERSION = YES;
				CLANG_WARN_OBJC_IMPLICIT_RETAIN_SELF = YES;
				CLANG_WARN_OBJC_LITERAL_CONVERSION = YES;
				CLANG_WARN_OBJC_ROOT_CLASS = YES_ERROR;
				CLANG_WARN_QUOTED_INCLUDE_IN_FRAMEWORK_HEADER = YES;
				CLANG_WARN_RANGE_LOOP_ANALYSIS = YES;
				CLANG_WARN_STRICT_PROTOTYPES = YES;
				CLANG_WARN_SUSPICIOUS_MOVE = YES;
				CLANG_WARN_UNGUARDED_AVAILABILITY = YES_AGGRESSIVE;
				CLANG_WARN_UNREACHABLE_CODE = YES;
				CLANG_WARN__DUPLICATE_METHOD_MATCH = YES;
				COPY_PHASE_STRIP = NO;
				DEBUG_INFORMATION_FORMAT = dwarf;
				ENABLE_STRICT_OBJC_MSGSEND = YES;
				ENABLE_TESTABILITY = YES;
				GCC_C_LANGUAGE_STANDARD = gnu11;
				GCC_DYNAMIC_NO_PIC = NO;
				GCC_NO_COMMON_BLOCKS = YES;
				GCC_OPTIMIZATION_LEVEL = 0;
				GCC_PREPROCESSOR_DEFINITIONS = (
					"DEBUG=1",
					"$(inherited)",
				);
				GCC_WARN_64_TO_32_BIT_CONVERSION = YES;
				GCC_WARN_ABOUT_RETURN_TYPE = YES_ERROR;
				GCC_WARN_UNDECLARED_SELECTOR = YES;
				GCC_WARN_UNINITIALIZED_AUTOS = YES_AGGRESSIVE;
				GCC_WARN_UNUSED_FUNCTION = YES;
				GCC_WARN_UNUSED_VARIABLE = YES;
				IPHONEOS_DEPLOYMENT_TARGET = 16.0;
				MTL_ENABLE_DEBUG_INFO = INCLUDE_SOURCE;
				MTL_FAST_MATH = YES;
				ONLY_ACTIVE_ARCH = YES;
				SDKROOT = iphoneos;
				SWIFT_ACTIVE_COMPILATION_CONDITIONS = DEBUG;
				SWIFT_OPTIMIZATION_LEVEL = "-Onone";
			};
			name = Debug;
		};
		D1ACAD5E29B5EC0100BAC122 /* Release */ = {
			isa = XCBuildConfiguration;
			buildSettings = {
				ALWAYS_SEARCH_USER_PATHS = NO;
				CLANG_ANALYZER_NONNULL = YES;
				CLANG_ANALYZER_NUMBER_OBJECT_CONVERSION = YES_AGGRESSIVE;
				CLANG_CXX_LANGUAGE_STANDARD = "gnu++20";
				CLANG_ENABLE_MODULES = YES;
				CLANG_ENABLE_OBJC_ARC = YES;
				CLANG_ENABLE_OBJC_WEAK = YES;
				CLANG_WARN_BLOCK_CAPTURE_AUTORELEASING = YES;
				CLANG_WARN_BOOL_CONVERSION = YES;
				CLANG_WARN_COMMA = YES;
				CLANG_WARN_CONSTANT_CONVERSION = YES;
				CLANG_WARN_DEPRECATED_OBJC_IMPLEMENTATIONS = YES;
				CLANG_WARN_DIRECT_OBJC_ISA_USAGE = YES_ERROR;
				CLANG_WARN_DOCUMENTATION_COMMENTS = YES;
				CLANG_WARN_EMPTY_BODY = YES;
				CLANG_WARN_ENUM_CONVERSION = YES;
				CLANG_WARN_INFINITE_RECURSION = YES;
				CLANG_WARN_INT_CONVERSION = YES;
				CLANG_WARN_NON_LITERAL_NULL_CONVERSION = YES;
				CLANG_WARN_OBJC_IMPLICIT_RETAIN_SELF = YES;
				CLANG_WARN_OBJC_LITERAL_CONVERSION = YES;
				CLANG_WARN_OBJC_ROOT_CLASS = YES_ERROR;
				CLANG_WARN_QUOTED_INCLUDE_IN_FRAMEWORK_HEADER = YES;
				CLANG_WARN_RANGE_LOOP_ANALYSIS = YES;
				CLANG_WARN_STRICT_PROTOTYPES = YES;
				CLANG_WARN_SUSPICIOUS_MOVE = YES;
				CLANG_WARN_UNGUARDED_AVAILABILITY = YES_AGGRESSIVE;
				CLANG_WARN_UNREACHABLE_CODE = YES;
				CLANG_WARN__DUPLICATE_METHOD_MATCH = YES;
				COPY_PHASE_STRIP = NO;
				DEBUG_INFORMATION_FORMAT = "dwarf-with-dsym";
				ENABLE_NS_ASSERTIONS = NO;
				ENABLE_STRICT_OBJC_MSGSEND = YES;
				GCC_C_LANGUAGE_STANDARD = gnu11;
				GCC_NO_COMMON_BLOCKS = YES;
				GCC_WARN_64_TO_32_BIT_CONVERSION = YES;
				GCC_WARN_ABOUT_RETURN_TYPE = YES_ERROR;
				GCC_WARN_UNDECLARED_SELECTOR = YES;
				GCC_WARN_UNINITIALIZED_AUTOS = YES_AGGRESSIVE;
				GCC_WARN_UNUSED_FUNCTION = YES;
				GCC_WARN_UNUSED_VARIABLE = YES;
				IPHONEOS_DEPLOYMENT_TARGET = 16.0;
				MTL_ENABLE_DEBUG_INFO = NO;
				MTL_FAST_MATH = YES;
				SDKROOT = iphoneos;
				SWIFT_COMPILATION_MODE = wholemodule;
				SWIFT_OPTIMIZATION_LEVEL = "-O";
				VALIDATE_PRODUCT = YES;
			};
			name = Release;
		};
		D1ACAD6029B5EC0100BAC122 /* Debug */ = {
			isa = XCBuildConfiguration;
			buildSettings = {
				ASSETCATALOG_COMPILER_APPICON_NAME = AppIcon;
				ASSETCATALOG_COMPILER_GLOBAL_ACCENT_COLOR_NAME = AccentColor;
				CODE_SIGN_STYLE = Automatic;
				CURRENT_PROJECT_VERSION = 1;
				DEVELOPMENT_ASSET_PATHS = "\"Assignment 5/Preview Content\"";
				DEVELOPMENT_TEAM = C6SN72KL67;
				ENABLE_PREVIEWS = YES;
				GENERATE_INFOPLIST_FILE = YES;
				INFOPLIST_KEY_UIApplicationSceneManifest_Generation = YES;
				INFOPLIST_KEY_UIApplicationSupportsIndirectInputEvents = YES;
				INFOPLIST_KEY_UILaunchScreen_Generation = YES;
				INFOPLIST_KEY_UISupportedInterfaceOrientations_iPad = "UIInterfaceOrientationPortrait UIInterfaceOrientationPortraitUpsideDown UIInterfaceOrientationLandscapeLeft UIInterfaceOrientationLandscapeRight";
				INFOPLIST_KEY_UISupportedInterfaceOrientations_iPhone = "UIInterfaceOrientationPortrait UIInterfaceOrientationLandscapeLeft UIInterfaceOrientationLandscapeRight";
				LD_RUNPATH_SEARCH_PATHS = (
					"$(inherited)",
					"@executable_path/Frameworks",
				);
				MARKETING_VERSION = 1.0;
				PRODUCT_BUNDLE_IDENTIFIER = "ge.bog.mobilebank2.Assignment-5";
				PRODUCT_NAME = "$(TARGET_NAME)";
				SWIFT_EMIT_LOC_STRINGS = YES;
				SWIFT_VERSION = 5.0;
				TARGETED_DEVICE_FAMILY = "1,2";
			};
			name = Debug;
		};
		D1ACAD6129B5EC0100BAC122 /* Release */ = {
			isa = XCBuildConfiguration;
			buildSettings = {
				ASSETCATALOG_COMPILER_APPICON_NAME = AppIcon;
				ASSETCATALOG_COMPILER_GLOBAL_ACCENT_COLOR_NAME = AccentColor;
				CODE_SIGN_STYLE = Automatic;
				CURRENT_PROJECT_VERSION = 1;
				DEVELOPMENT_ASSET_PATHS = "\"Assignment 5/Preview Content\"";
				DEVELOPMENT_TEAM = C6SN72KL67;
				ENABLE_PREVIEWS = YES;
				GENERATE_INFOPLIST_FILE = YES;
				INFOPLIST_KEY_UIApplicationSceneManifest_Generation = YES;
				INFOPLIST_KEY_UIApplicationSupportsIndirectInputEvents = YES;
				INFOPLIST_KEY_UILaunchScreen_Generation = YES;
				INFOPLIST_KEY_UISupportedInterfaceOrientations_iPad = "UIInterfaceOrientationPortrait UIInterfaceOrientationPortraitUpsideDown UIInterfaceOrientationLandscapeLeft UIInterfaceOrientationLandscapeRight";
				INFOPLIST_KEY_UISupportedInterfaceOrientations_iPhone = "UIInterfaceOrientationPortrait UIInterfaceOrientationLandscapeLeft UIInterfaceOrientationLandscapeRight";
				LD_RUNPATH_SEARCH_PATHS = (
					"$(inherited)",
					"@executable_path/Frameworks",
				);
				MARKETING_VERSION = 1.0;
				PRODUCT_BUNDLE_IDENTIFIER = "ge.bog.mobilebank2.Assignment-5";
				PRODUCT_NAME = "$(TARGET_NAME)";
				SWIFT_EMIT_LOC_STRINGS = YES;
				SWIFT_VERSION = 5.0;
				TARGETED_DEVICE_FAMILY = "1,2";
			};
			name = Release;
		};
		D1ACAD6329B5EC0100BAC122 /* Debug */ = {
			isa = XCBuildConfiguration;
			buildSettings = {
				ALWAYS_EMBED_SWIFT_STANDARD_LIBRARIES = YES;
				BUNDLE_LOADER = "$(TEST_HOST)";
				CODE_SIGN_STYLE = Automatic;
				CURRENT_PROJECT_VERSION = 1;
				DEVELOPMENT_TEAM = C6SN72KL67;
				GENERATE_INFOPLIST_FILE = YES;
				IPHONEOS_DEPLOYMENT_TARGET = 16.0;
				MARKETING_VERSION = 1.0;
				PRODUCT_BUNDLE_IDENTIFIER = "ge.bog.mobilebank2.Assignment-5Tests";
				PRODUCT_NAME = "$(TARGET_NAME)";
				SWIFT_EMIT_LOC_STRINGS = NO;
				SWIFT_VERSION = 5.0;
				TARGETED_DEVICE_FAMILY = "1,2";
				TEST_HOST = "$(BUILT_PRODUCTS_DIR)/Assignment 5.app/$(BUNDLE_EXECUTABLE_FOLDER_PATH)/Assignment 5";
			};
			name = Debug;
		};
		D1ACAD6429B5EC0100BAC122 /* Release */ = {
			isa = XCBuildConfiguration;
			buildSettings = {
				ALWAYS_EMBED_SWIFT_STANDARD_LIBRARIES = YES;
				BUNDLE_LOADER = "$(TEST_HOST)";
				CODE_SIGN_STYLE = Automatic;
				CURRENT_PROJECT_VERSION = 1;
				DEVELOPMENT_TEAM = C6SN72KL67;
				GENERATE_INFOPLIST_FILE = YES;
				IPHONEOS_DEPLOYMENT_TARGET = 16.0;
				MARKETING_VERSION = 1.0;
				PRODUCT_BUNDLE_IDENTIFIER = "ge.bog.mobilebank2.Assignment-5Tests";
				PRODUCT_NAME = "$(TARGET_NAME)";
				SWIFT_EMIT_LOC_STRINGS = NO;
				SWIFT_VERSION = 5.0;
				TARGETED_DEVICE_FAMILY = "1,2";
				TEST_HOST = "$(BUILT_PRODUCTS_DIR)/Assignment 5.app/$(BUNDLE_EXECUTABLE_FOLDER_PATH)/Assignment 5";
			};
			name = Release;
		};
		D1ACAD6629B5EC0100BAC122 /* Debug */ = {
			isa = XCBuildConfiguration;
			buildSettings = {
				ALWAYS_EMBED_SWIFT_STANDARD_LIBRARIES = YES;
				CODE_SIGN_STYLE = Automatic;
				CURRENT_PROJECT_VERSION = 1;
				DEVELOPMENT_TEAM = C6SN72KL67;
				GENERATE_INFOPLIST_FILE = YES;
				MARKETING_VERSION = 1.0;
				PRODUCT_BUNDLE_IDENTIFIER = "ge.bog.mobilebank2.Assignment-5UITests";
				PRODUCT_NAME = "$(TARGET_NAME)";
				SWIFT_EMIT_LOC_STRINGS = NO;
				SWIFT_VERSION = 5.0;
				TARGETED_DEVICE_FAMILY = "1,2";
				TEST_TARGET_NAME = "Assignment 5";
			};
			name = Debug;
		};
		D1ACAD6729B5EC0100BAC122 /* Release */ = {
			isa = XCBuildConfiguration;
			buildSettings = {
				ALWAYS_EMBED_SWIFT_STANDARD_LIBRARIES = YES;
				CODE_SIGN_STYLE = Automatic;
				CURRENT_PROJECT_VERSION = 1;
				DEVELOPMENT_TEAM = C6SN72KL67;
				GENERATE_INFOPLIST_FILE = YES;
				MARKETING_VERSION = 1.0;
				PRODUCT_BUNDLE_IDENTIFIER = "ge.bog.mobilebank2.Assignment-5UITests";
				PRODUCT_NAME = "$(TARGET_NAME)";
				SWIFT_EMIT_LOC_STRINGS = NO;
				SWIFT_VERSION = 5.0;
				TARGETED_DEVICE_FAMILY = "1,2";
				TEST_TARGET_NAME = "Assignment 5";
			};
			name = Release;
		};
/* End XCBuildConfiguration section */

/* Begin XCConfigurationList section */
		D1ACAD3629B5EC0000BAC122 /* Build configuration list for PBXProject "Assignment 5" */ = {
			isa = XCConfigurationList;
			buildConfigurations = (
				D1ACAD5D29B5EC0100BAC122 /* Debug */,
				D1ACAD5E29B5EC0100BAC122 /* Release */,
			);
			defaultConfigurationIsVisible = 0;
			defaultConfigurationName = Release;
		};
		D1ACAD5F29B5EC0100BAC122 /* Build configuration list for PBXNativeTarget "Assignment 5" */ = {
			isa = XCConfigurationList;
			buildConfigurations = (
				D1ACAD6029B5EC0100BAC122 /* Debug */,
				D1ACAD6129B5EC0100BAC122 /* Release */,
			);
			defaultConfigurationIsVisible = 0;
			defaultConfigurationName = Release;
		};
		D1ACAD6229B5EC0100BAC122 /* Build configuration list for PBXNativeTarget "Assignment 5Tests" */ = {
			isa = XCConfigurationList;
			buildConfigurations = (
				D1ACAD6329B5EC0100BAC122 /* Debug */,
				D1ACAD6429B5EC0100BAC122 /* Release */,
			);
			defaultConfigurationIsVisible = 0;
			defaultConfigurationName = Release;
		};
		D1ACAD6529B5EC0100BAC122 /* Build configuration list for PBXNativeTarget "Assignment 5UITests" */ = {
			isa = XCConfigurationList;
			buildConfigurations = (
				D1ACAD6629B5EC0100BAC122 /* Debug */,
				D1ACAD6729B5EC0100BAC122 /* Release */,
			);
			defaultConfigurationIsVisible = 0;
			defaultConfigurationName = Release;
		};
/* End XCConfigurationList section */
	};
	rootObject = D1ACAD3329B5EC0000BAC122 /* Project object */;
}
